
Microsoft Visual Studio Solution File, Format Version 12.00
# Visual Studio Version 16
VisualStudioVersion = 16.0.31911.196
MinimumVisualStudioVersion = 10.0.40219.1
Project("{FAE04EC0-301F-11D3-BF4B-00C04F79EFBC}") = "MovieApp", "MovieApp.csproj", "{228CB32C-26B4-49A1-B420-83ED8BB9DBC2}"
EndProject
Global
	GlobalSection(SolutionConfigurationPlatforms) = preSolution
		Debug|Any CPU = Debug|Any CPU
		Release|Any CPU = Release|Any CPU
	EndGlobalSection
	GlobalSection(ProjectConfigurationPlatforms) = postSolution
		{228CB32C-26B4-49A1-B420-83ED8BB9DBC2}.Debug|Any CPU.ActiveCfg = Debug|Any CPU
		{228CB32C-26B4-49A1-B420-83ED8BB9DBC2}.Debug|Any CPU.Build.0 = Debug|Any CPU
		{228CB32C-26B4-49A1-B420-83ED8BB9DBC2}.Release|Any CPU.ActiveCfg = Release|Any CPU
		{228CB32C-26B4-49A1-B420-83ED8BB9DBC2}.Release|Any CPU.Build.0 = Release|Any CPU
	EndGlobalSection
	GlobalSection(SolutionProperties) = preSolution
		HideSolutionNode = FALSE
	EndGlobalSection
	GlobalSection(ExtensibilityGlobals) = postSolution
		SolutionGuid = {3B7C550A-CF5E-4A9E-97FD-2D7D3B2475B3}
	EndGlobalSection
EndGlobal
